{
  "originHash" : "f891ac54840fe33eaa619bcce9ba9925cec3cd26b3ab96a48ec1c7b2ca844f46",
  "pins" : [
    {
      "identity" : "argmax-oss-swift",
      "kind" : "remoteSourceControl",
      "location" : "https://github.com/rahulbhardwaj94/argmax-oss-swift.git",
      "state" : {
        "revision" : "fee9e193168234b15432d89bf5928196c01b1831"
      }
    },
    {
      "identity" : "keyboardshortcuts",
      "kind" : "remoteSourceControl",
      "location" : "https://github.com/sindresorhus/KeyboardShortcuts.git",
      "state" : {
        "revision" : "ac302e21da5883f4bd0490cbd0cb710b08740500",
        "version" : "1.15.0"
      }
    },
    {
      "identity" : "swift-argument-parser",
      "kind" : "remoteSourceControl",
      "location" : "https://github.com/apple/swift-argument-parser.git",
      "state" : {
        "revision" : "6a52f3251125d74daf04fcbd5e6f08a75d074382",
        "version" : "1.8.2"
      }
    }
  ],
  "version" : 3
}
